
Microsoft Visual Studio Solution File, Format Version 12.00
# Visual Studio Version 16
VisualStudioVersion = 16.0.30717.126
MinimumVisualStudioVersion = 10.0.40219.1
Project("{9A19103F-16F7-4668-BE54-9A1E7A4F7556}") = "Valtegy.Api", "Valtegy.Api\Valtegy.Api.csproj", "{1753A066-2F74-459C-9BFC-2B97D1DFDA1E}"
EndProject
Project("{2150E333-8FDC-42A3-9474-1A3956D46DE8}") = "Api", "Api", "{E4440DD7-38F4-401E-B65C-A330EF6272C2}"
EndProject
Project("{2150E333-8FDC-42A3-9474-1A3956D46DE8}") = "Service", "Service", "{B04ECF07-32C1-4403-86FD-817404E08C6F}"
EndProject
Project("{9A19103F-16F7-4668-BE54-9A1E7A4F7556}") = "Valtegy.Service", "Valtegy.Service\Valtegy.Service.csproj", "{C79756DD-9A6D-4D16-9EB2-54A0EAF512FB}"
EndProject
Project("{2150E333-8FDC-42A3-9474-1A3956D46DE8}") = "Repository", "Repository", "{7CC4A613-3B1B-4B6B-8AFB-9BDE85679664}"
EndProject
Project("{9A19103F-16F7-4668-BE54-9A1E7A4F7556}") = "Valtegy.Repository", "Valtegy.Repository\Valtegy.Repository.csproj", "{6ED0CB12-D186-4AC5-88B9-A32C5A94AD56}"
EndProject
Project("{2150E333-8FDC-42A3-9474-1A3956D46DE8}") = "Domain", "Domain", "{4A43CD2A-D872-4B92-A9F3-C617EE2E8675}"
EndProject
Project("{9A19103F-16F7-4668-BE54-9A1E7A4F7556}") = "Valtegy.Domain", "Valtegy.Domain\Valtegy.Domain.csproj", "{6D9A113C-7145-488F-ACC7-B5CC8E84912F}"
EndProject
Global
	GlobalSection(SolutionConfigurationPlatforms) = preSolution
		Debug|Any CPU = Debug|Any CPU
		Release|Any CPU = Release|Any CPU
	EndGlobalSection
	GlobalSection(ProjectConfigurationPlatforms) = postSolution
		{1753A066-2F74-459C-9BFC-2B97D1DFDA1E}.Debug|Any CPU.ActiveCfg = Debug|Any CPU
		{1753A066-2F74-459C-9BFC-2B97D1DFDA1E}.Debug|Any CPU.Build.0 = Debug|Any CPU
		{1753A066-2F74-459C-9BFC-2B97D1DFDA1E}.Release|Any CPU.ActiveCfg = Release|Any CPU
		{1753A066-2F74-459C-9BFC-2B97D1DFDA1E}.Release|Any CPU.Build.0 = Release|Any CPU
		{C79756DD-9A6D-4D16-9EB2-54A0EAF512FB}.Debug|Any CPU.ActiveCfg = Debug|Any CPU
		{C79756DD-9A6D-4D16-9EB2-54A0EAF512FB}.Debug|Any CPU.Build.0 = Debug|Any CPU
		{C79756DD-9A6D-4D16-9EB2-54A0EAF512FB}.Release|Any CPU.ActiveCfg = Release|Any CPU
		{C79756DD-9A6D-4D16-9EB2-54A0EAF512FB}.Release|Any CPU.Build.0 = Release|Any CPU
		{6ED0CB12-D186-4AC5-88B9-A32C5A94AD56}.Debug|Any CPU.ActiveCfg = Debug|Any CPU
		{6ED0CB12-D186-4AC5-88B9-A32C5A94AD56}.Debug|Any CPU.Build.0 = Debug|Any CPU
		{6ED0CB12-D186-4AC5-88B9-A32C5A94AD56}.Release|Any CPU.ActiveCfg = Release|Any CPU
		{6ED0CB12-D186-4AC5-88B9-A32C5A94AD56}.Release|Any CPU.Build.0 = Release|Any CPU
		{6D9A113C-7145-488F-ACC7-B5CC8E84912F}.Debug|Any CPU.ActiveCfg = Debug|Any CPU
		{6D9A113C-7145-488F-ACC7-B5CC8E84912F}.Debug|Any CPU.Build.0 = Debug|Any CPU
		{6D9A113C-7145-488F-ACC7-B5CC8E84912F}.Release|Any CPU.ActiveCfg = Release|Any CPU
		{6D9A113C-7145-488F-ACC7-B5CC8E84912F}.Release|Any CPU.Build.0 = Release|Any CPU
	EndGlobalSection
	GlobalSection(SolutionProperties) = preSolution
		HideSolutionNode = FALSE
	EndGlobalSection
	GlobalSection(NestedProjects) = preSolution
		{1753A066-2F74-459C-9BFC-2B97D1DFDA1E} = {E4440DD7-38F4-401E-B65C-A330EF6272C2}
		{C79756DD-9A6D-4D16-9EB2-54A0EAF512FB} = {B04ECF07-32C1-4403-86FD-817404E08C6F}
		{6ED0CB12-D186-4AC5-88B9-A32C5A94AD56} = {7CC4A613-3B1B-4B6B-8AFB-9BDE85679664}
		{6D9A113C-7145-488F-ACC7-B5CC8E84912F} = {4A43CD2A-D872-4B92-A9F3-C617EE2E8675}
	EndGlobalSection
	GlobalSection(ExtensibilityGlobals) = postSolution
		SolutionGuid = {07F25F1F-6F6D-4441-9E16-41F25DAAD555}
	EndGlobalSection
EndGlobal
